
Microsoft Visual Studio Solution File, Format Version 12.00
Project("{2150E333-8FDC-42A3-9474-1A3956D46DE8}") = "src", "src", "{C89FB194-8623-498B-8C42-5DC3EB944FE7}"
EndProject
Project("{2150E333-8FDC-42A3-9474-1A3956D46DE8}") = "services", "services", "{1F4D1534-25D5-4B22-B4DE-CFF827FE3084}"
EndProject
Project("{2150E333-8FDC-42A3-9474-1A3956D46DE8}") = "docs", "docs", "{A56D34E3-9CE6-4A23-BA5F-74D0DE195680}"
EndProject
Project("{2150E333-8FDC-42A3-9474-1A3956D46DE8}") = "JobManagement", "JobManagement", "{5C5991E2-FFBF-471D-8589-3B988BE0C03D}"
EndProject
Project("{2150E333-8FDC-42A3-9474-1A3956D46DE8}") = "Core", "Core", "{67C586D5-89E5-4DA6-8AB1-5BD768CAED37}"
EndProject
Project("{2150E333-8FDC-42A3-9474-1A3956D46DE8}") = "Infrastructure", "Infrastructure", "{69C8CA05-8495-4834-987E-8136663F97AB}"
EndProject
Project("{2150E333-8FDC-42A3-9474-1A3956D46DE8}") = "Presentation", "Presentation", "{BBA59CDA-741C-4AF6-A4ED-110DDC5932C5}"
EndProject
Project("{FAE04EC0-301F-11D3-BF4B-00C04F79EFBC}") = "JobManagement.Domain", "src\services\JobManagement\Core\JobManagement.Domain\JobManagement.Domain.csproj", "{4DC1FAAD-6658-47AE-87AE-28BC5FFC3A2C}"
EndProject
Project("{2150E333-8FDC-42A3-9474-1A3956D46DE8}") = "shared", "shared", "{77E05486-B8E2-4721-AD36-FFE67CB21D1F}"
EndProject
Project("{FAE04EC0-301F-11D3-BF4B-00C04F79EFBC}") = "Recruitment.Core", "src\shared\Recruitment.Core\Recruitment.Core.csproj", "{5C48C6C9-071B-46B4-852B-6B218D2B7BF1}"
EndProject
Global
	GlobalSection(SolutionConfigurationPlatforms) = preSolution
		Debug|Any CPU = Debug|Any CPU
		Release|Any CPU = Release|Any CPU
	EndGlobalSection
	GlobalSection(NestedProjects) = preSolution
		{1F4D1534-25D5-4B22-B4DE-CFF827FE3084} = {C89FB194-8623-498B-8C42-5DC3EB944FE7}
		{5C5991E2-FFBF-471D-8589-3B988BE0C03D} = {1F4D1534-25D5-4B22-B4DE-CFF827FE3084}
		{67C586D5-89E5-4DA6-8AB1-5BD768CAED37} = {5C5991E2-FFBF-471D-8589-3B988BE0C03D}
		{69C8CA05-8495-4834-987E-8136663F97AB} = {5C5991E2-FFBF-471D-8589-3B988BE0C03D}
		{BBA59CDA-741C-4AF6-A4ED-110DDC5932C5} = {5C5991E2-FFBF-471D-8589-3B988BE0C03D}
		{4DC1FAAD-6658-47AE-87AE-28BC5FFC3A2C} = {67C586D5-89E5-4DA6-8AB1-5BD768CAED37}
		{77E05486-B8E2-4721-AD36-FFE67CB21D1F} = {C89FB194-8623-498B-8C42-5DC3EB944FE7}
		{5C48C6C9-071B-46B4-852B-6B218D2B7BF1} = {77E05486-B8E2-4721-AD36-FFE67CB21D1F}
	EndGlobalSection
	GlobalSection(ProjectConfigurationPlatforms) = postSolution
		{4DC1FAAD-6658-47AE-87AE-28BC5FFC3A2C}.Debug|Any CPU.ActiveCfg = Debug|Any CPU
		{4DC1FAAD-6658-47AE-87AE-28BC5FFC3A2C}.Debug|Any CPU.Build.0 = Debug|Any CPU
		{4DC1FAAD-6658-47AE-87AE-28BC5FFC3A2C}.Release|Any CPU.ActiveCfg = Release|Any CPU
		{4DC1FAAD-6658-47AE-87AE-28BC5FFC3A2C}.Release|Any CPU.Build.0 = Release|Any CPU
		{5C48C6C9-071B-46B4-852B-6B218D2B7BF1}.Debug|Any CPU.ActiveCfg = Debug|Any CPU
		{5C48C6C9-071B-46B4-852B-6B218D2B7BF1}.Debug|Any CPU.Build.0 = Debug|Any CPU
		{5C48C6C9-071B-46B4-852B-6B218D2B7BF1}.Release|Any CPU.ActiveCfg = Release|Any CPU
		{5C48C6C9-071B-46B4-852B-6B218D2B7BF1}.Release|Any CPU.Build.0 = Release|Any CPU
	EndGlobalSection
EndGlobal
